
Microsoft Visual Studio Solution File, Format Version 12.00
# Visual Studio Version 17
VisualStudioVersion = 17.9.34902.65
MinimumVisualStudioVersion = 10.0.40219.1
Project("{FAE04EC0-301F-11D3-BF4B-00C04F79EFBC}") = "OfficeDeploymentGUI", "OfficeDeploymentGUI.csproj", "{7DDFFBEB-B344-4C25-AB82-67ED7B01AB4D}"
EndProject
Global
	GlobalSection(SolutionConfigurationPlatforms) = preSolution
		Debug|Any CPU = Debug|Any CPU
		Release|Any CPU = Release|Any CPU
	EndGlobalSection
	GlobalSection(ProjectConfigurationPlatforms) = postSolution
		{7DDFFBEB-B344-4C25-AB82-67ED7B01AB4D}.Debug|Any CPU.ActiveCfg = Debug|Any CPU
		{7DDFFBEB-B344-4C25-AB82-67ED7B01AB4D}.Debug|Any CPU.Build.0 = Debug|Any CPU
		{7DDFFBEB-B344-4C25-AB82-67ED7B01AB4D}.Release|Any CPU.ActiveCfg = Release|Any CPU
		{7DDFFBEB-B344-4C25-AB82-67ED7B01AB4D}.Release|Any CPU.Build.0 = Release|Any CPU
	EndGlobalSection
	GlobalSection(SolutionProperties) = preSolution
		HideSolutionNode = FALSE
	EndGlobalSection
	GlobalSection(ExtensibilityGlobals) = postSolution
		SolutionGuid = {78C7BAA2-B8AC-4910-93B4-70F9D0983259}
	EndGlobalSection
EndGlobal
